{
  "nodes": {
    "nixpkgs": {
      "locked": {
        "lastModified": 1709025271,
        "narHash": "sha256-jB+ssJah1ETM4+h8TL371bfDtTivZ9lA/yoFyYTLp9Y=",
        "owner": "zolfariot",
        "repo": "nixpkgs",
        "rev": "ee0994990c3064912639e992d3019ffc5f0b3528",
        "type": "github"
      },
      "original": {
        "owner": "zolfariot",
        "ref": "zolfa/initrd_clevis_luks",
        "repo": "nixpkgs",
        "type": "github"
      }
    },
    "root": {
      "inputs": {
        "nixpkgs": "nixpkgs"
      }
    }
  },
  "root": "root",
  "version": 7
}
